
Microsoft Visual Studio Solution File, Format Version 12.00
# Visual Studio Version 17
VisualStudioVersion = 17.6.33815.320
MinimumVisualStudioVersion = 10.0.40219.1
Project("{FAE04EC0-301F-11D3-BF4B-00C04F79EFBC}") = "ConsoleApp46", "ConsoleApp46\ConsoleApp46.csproj", "{ABF4AEDB-0814-408C-9236-9D02B6665AAD}"
EndProject
Global
	GlobalSection(SolutionConfigurationPlatforms) = preSolution
		Debug|Any CPU = Debug|Any CPU
		Release|Any CPU = Release|Any CPU
	EndGlobalSection
	GlobalSection(ProjectConfigurationPlatforms) = postSolution
		{ABF4AEDB-0814-408C-9236-9D02B6665AAD}.Debug|Any CPU.ActiveCfg = Debug|Any CPU
		{ABF4AEDB-0814-408C-9236-9D02B6665AAD}.Debug|Any CPU.Build.0 = Debug|Any CPU
		{ABF4AEDB-0814-408C-9236-9D02B6665AAD}.Release|Any CPU.ActiveCfg = Release|Any CPU
		{ABF4AEDB-0814-408C-9236-9D02B6665AAD}.Release|Any CPU.Build.0 = Release|Any CPU
	EndGlobalSection
	GlobalSection(SolutionProperties) = preSolution
		HideSolutionNode = FALSE
	EndGlobalSection
	GlobalSection(ExtensibilityGlobals) = postSolution
		SolutionGuid = {8D877E48-B5C9-4194-9D75-30FAB75978FA}
	EndGlobalSection
EndGlobal
